
Microsoft Visual Studio Solution File, Format Version 12.00
# Visual Studio 15
VisualStudioVersion = 15.0.27703.2026
MinimumVisualStudioVersion = 10.0.40219.1
Project("{9A19103F-16F7-4668-BE54-9A1E7A4F7556}") = "EasyPZ", "EasyPZ.csproj", "{F9C0F1D6-A3B3-4B16-A37D-54DAB87FB63F}"
EndProject
Global
	GlobalSection(SolutionConfigurationPlatforms) = preSolution
		Debug|Any CPU = Debug|Any CPU
		Release|Any CPU = Release|Any CPU
	EndGlobalSection
	GlobalSection(ProjectConfigurationPlatforms) = postSolution
		{F9C0F1D6-A3B3-4B16-A37D-54DAB87FB63F}.Debug|Any CPU.ActiveCfg = Debug|Any CPU
		{F9C0F1D6-A3B3-4B16-A37D-54DAB87FB63F}.Debug|Any CPU.Build.0 = Debug|Any CPU
		{F9C0F1D6-A3B3-4B16-A37D-54DAB87FB63F}.Release|Any CPU.ActiveCfg = Release|Any CPU
		{F9C0F1D6-A3B3-4B16-A37D-54DAB87FB63F}.Release|Any CPU.Build.0 = Release|Any CPU
	EndGlobalSection
	GlobalSection(SolutionProperties) = preSolution
		HideSolutionNode = FALSE
	EndGlobalSection
	GlobalSection(ExtensibilityGlobals) = postSolution
		SolutionGuid = {E4DBCE5E-E3ED-4704-8B06-6545D2BA701B}
	EndGlobalSection
EndGlobal
